lockfileVersion: '6.0'

settings:
  autoInstallPeers: true
  excludeLinksFromLockfile: false

dependencies:
  ip2region:
    specifier: ^2.3.0
    version: 2.3.0(@types/node@20.4.5)

packages:

  /@types/node@20.4.5:
    resolution: {integrity: sha512-rt40Nk13II9JwQBdeYqmbn2Q6IVTA5uPhvSO+JVqdXw/6/4glI6oR9ezty/A9Hg5u7JH4OmYmuQ+XvjKm0Datg==}
    dev: false

  /ip2region@2.3.0(@types/node@20.4.5):
    resolution: {integrity: sha512-zV5Xsadzrx9Ej6heoyhbXMsfGWWQ3C6bAIYStrHhw9kzLpGpVNlnAyRBxxPgxA1GNqr1Ti7oUxcWsMWNN3jZBg==}
    peerDependencies:
      '@types/node': '*'
    dependencies:
      '@types/node': 20.4.5
    dev: false
